// !$*UTF8*$!
{
	archiveVersion = 1;
	classes = {
	};
	objectVersion = 51;
	objects = {

/* Begin PBXBuildFile section */
		202D03E223C94332002CCE1D /* AppDelegate.swift in Sources */ = {isa = PBXBuildFile; fileRef = 202D03E123C94332002CCE1D /* AppDelegate.swift */; };
		202D03E423C94332002CCE1D /* SceneDelegate.swift in Sources */ = {isa = PBXBuildFile; fileRef = 202D03E323C94332002CCE1D /* SceneDelegate.swift */; };
		202D03E623C94332002CCE1D /* ViewController.swift in Sources */ = {isa = PBXBuildFile; fileRef = 202D03E523C94332002CCE1D /* ViewController.swift */; };
		202D03E923C94332002CCE1D /* Main.storyboard in Resources */ = {isa = PBXBuildFile; fileRef = 202D03E723C94332002CCE1D /* Main.storyboard */; };
		202D03EB23C94334002CCE1D /* Assets.xcassets in Resources */ = {isa = PBXBuildFile; fileRef = 202D03EA23C94334002CCE1D /* Assets.xcassets */; };
		202D03EE23C94334002CCE1D /* LaunchScreen.storyboard in Resources */ = {isa = PBXBuildFile; fileRef = 202D03EC23C94334002CCE1D /* LaunchScreen.storyboard */; };
		202D03F923C94345002CCE1D /* Foo.swift in Sources */ = {isa = PBXBuildFile; fileRef = 202D03F623C94345002CCE1D /* Foo.swift */; };
		202D03FA23C94345002CCE1D /* AnyDiffable.swift in Sources */ = {isa = PBXBuildFile; fileRef = 202D03F723C94345002CCE1D /* AnyDiffable.swift */; };
		202D03FB23C94345002CCE1D /* AnyDiffableSection.swift in Sources */ = {isa = PBXBuildFile; fileRef = 202D03F823C94345002CCE1D /* AnyDiffableSection.swift */; };
		AC4ABA49D2D2E26A9D047DB0 /* Pods_Test.framework in Frameworks */ = {isa = PBXBuildFile; fileRef = 9DEAF3ECFC50E0261F246039 /* Pods_Test.framework */; };
/* End PBXBuildFile section */

/* Begin PBXFileReference section */
		202D03DE23C94332002CCE1D /* Test.app */ = {isa = PBXFileReference; explicitFileType = wrapper.application; includeInIndex = 0; path = Test.app; sourceTree = BUILT_PRODUCTS_DIR; };
		202D03E123C94332002CCE1D /* AppDelegate.swift */ = {isa = PBXFileReference; lastKnownFileType = sourcecode.swift; path = AppDelegate.swift; sourceTree = "<group>"; };
		202D03E323C94332002CCE1D /* SceneDelegate.swift */ = {isa = PBXFileReference; lastKnownFileType = sourcecode.swift; path = SceneDelegate.swift; sourceTree = "<group>"; };
		202D03E523C94332002CCE1D /* ViewController.swift */ = {isa = PBXFileReference; lastKnownFileType = sourcecode.swift; path = ViewController.swift; sourceTree = "<group>"; };
		202D03E823C94332002CCE1D /* Base */ = {isa = PBXFileReference; lastKnownFileType = file.storyboard; name = Base; path = Base.lproj/Main.storyboard; sourceTree = "<group>"; };
		202D03EA23C94334002CCE1D /* Assets.xcassets */ = {isa = PBXFileReference; lastKnownFileType = folder.assetcatalog; path = Assets.xcassets; sourceTree = "<group>"; };
		202D03ED23C94334002CCE1D /* Base */ = {isa = PBXFileReference; lastKnownFileType = file.storyboard; name = Base; path = Base.lproj/LaunchScreen.storyboard; sourceTree = "<group>"; };
		202D03EF23C94334002CCE1D /* Info.plist */ = {isa = PBXFileReference; lastKnownFileType = text.plist.xml; path = Info.plist; sourceTree = "<group>"; };
		202D03F623C94345002CCE1D /* Foo.swift */ = {isa = PBXFileReference; fileEncoding = 4; lastKnownFileType = sourcecode.swift; path = Foo.swift; sourceTree = "<group>"; };
		202D03F723C94345002CCE1D /* AnyDiffable.swift */ = {isa = PBXFileReference; fileEncoding = 4; lastKnownFileType = sourcecode.swift; path = AnyDiffable.swift; sourceTree = "<group>"; };
		202D03F823C94345002CCE1D /* AnyDiffableSection.swift */ = {isa = PBXFileReference; fileEncoding = 4; lastKnownFileType = sourcecode.swift; path = AnyDiffableSection.swift; sourceTree = "<group>"; };
		234C9C0FF5E038F2AD879F8E /* Pods-Test.release.xcconfig */ = {isa = PBXFileReference; includeInIndex = 1; lastKnownFileType = text.xcconfig; name = "Pods-Test.release.xcconfig"; path = "Target Support Files/Pods-Test/Pods-Test.release.xcconfig"; sourceTree = "<group>"; };
		3EE58619CCB7DC27DE8574B6 /* Pods-Test.debug.xcconfig */ = {isa = PBXFileReference; includeInIndex = 1; lastKnownFileType = text.xcconfig; name = "Pods-Test.debug.xcconfig"; path = "Target Support Files/Pods-Test/Pods-Test.debug.xcconfig"; sourceTree = "<group>"; };
		9DEAF3ECFC50E0261F246039 /* Pods_Test.framework */ = {isa = PBXFileReference; explicitFileType = wrapper.framework; includeInIndex = 0; path = Pods_Test.framework; sourceTree = BUILT_PRODUCTS_DIR; };
/* End PBXFileReference section */

/* Begin PBXFrameworksBuildPhase section */
		202D03DB23C94332002CCE1D /* Frameworks */ = {
			isa = PBXFrameworksBuildPhase;
			buildActionMask = 2147483647;
			files = (
				AC4ABA49D2D2E26A9D047DB0 /* Pods_Test.framework in Frameworks */,
			);
			runOnlyForDeploymentPostprocessing = 0;
		};
/* End PBXFrameworksBuildPhase section */

/* Begin PBXGroup section */
		202D03D523C94332002CCE1D = {
			isa = PBXGroup;
			children = (
				202D03E023C94332002CCE1D /* Test */,
				202D03DF23C94332002CCE1D /* Products */,
				863CAF22E7C48978CE469454 /* Pods */,
				6CB00B031BC5833ED69D8D09 /* Frameworks */,
			);
			sourceTree = "<group>";
		};
		202D03DF23C94332002CCE1D /* Products */ = {
			isa = PBXGroup;
			children = (
				202D03DE23C94332002CCE1D /* Test.app */,
			);
			name = Products;
			sourceTree = "<group>";
		};
		202D03E023C94332002CCE1D /* Test */ = {
			isa = PBXGroup;
			children = (
				202D03F523C94339002CCE1D /* Classes */,
				202D03E123C94332002CCE1D /* AppDelegate.swift */,
				202D03E323C94332002CCE1D /* SceneDelegate.swift */,
				202D03E523C94332002CCE1D /* ViewController.swift */,
				202D03E723C94332002CCE1D /* Main.storyboard */,
				202D03EA23C94334002CCE1D /* Assets.xcassets */,
				202D03EC23C94334002CCE1D /* LaunchScreen.storyboard */,
				202D03EF23C94334002CCE1D /* Info.plist */,
			);
			path = Test;
			sourceTree = "<group>";
		};
		202D03F523C94339002CCE1D /* Classes */ = {
			isa = PBXGroup;
			children = (
				202D03F723C94345002CCE1D /* AnyDiffable.swift */,
				202D03F823C94345002CCE1D /* AnyDiffableSection.swift */,
				202D03F623C94345002CCE1D /* Foo.swift */,
			);
			path = Classes;
			sourceTree = "<group>";
		};
		6CB00B031BC5833ED69D8D09 /* Frameworks */ = {
			isa = PBXGroup;
			children = (
				9DEAF3ECFC50E0261F246039 /* Pods_Test.framework */,
			);
			name = Frameworks;
			sourceTree = "<group>";
		};
		863CAF22E7C48978CE469454 /* Pods */ = {
			isa = PBXGroup;
			children = (
				3EE58619CCB7DC27DE8574B6 /* Pods-Test.debug.xcconfig */,
				234C9C0FF5E038F2AD879F8E /* Pods-Test.release.xcconfig */,
			);
			path = Pods;
			sourceTree = "<group>";
		};
/* End PBXGroup section */

/* Begin PBXNativeTarget section */
		202D03DD23C94332002CCE1D /* Test */ = {
			isa = PBXNativeTarget;
			buildConfigurationList = 202D03F223C94334002CCE1D /* Build configuration list for PBXNativeTarget "Test" */;
			buildPhases = (
				EA02B81A75B44D29F8E7A803 /* [CP] Check Pods Manifest.lock */,
				202D03DA23C94332002CCE1D /* Sources */,
				202D03DB23C94332002CCE1D /* Frameworks */,
				202D03DC23C94332002CCE1D /* Resources */,
				CD0A6B9DA786B75D2F955464 /* [CP] Embed Pods Frameworks */,
			);
			buildRules = (
			);
			dependencies = (
			);
			name = Test;
			productName = Test;
			productReference = 202D03DE23C94332002CCE1D /* Test.app */;
			productType = "com.apple.product-type.application";
		};
/* End PBXNativeTarget section */

/* Begin PBXProject section */
		202D03D623C94332002CCE1D /* Project object */ = {
			isa = PBXProject;
			attributes = {
				LastSwiftUpdateCheck = 1130;
				LastUpgradeCheck = 1130;
				ORGANIZATIONNAME = Anton;
				TargetAttributes = {
					202D03DD23C94332002CCE1D = {
						CreatedOnToolsVersion = 11.3;
					};
				};
			};
			buildConfigurationList = 202D03D923C94332002CCE1D /* Build configuration list for PBXProject "Test" */;
			compatibilityVersion = "Xcode 9.3";
			developmentRegion = en;
			hasScannedForEncodings = 0;
			knownRegions = (
				en,
				Base,
			);
			mainGroup = 202D03D523C94332002CCE1D;
			productRefGroup = 202D03DF23C94332002CCE1D /* Products */;
			projectDirPath = "";
			projectRoot = "";
			targets = (
				202D03DD23C94332002CCE1D /* Test */,
			);
		};
/* End PBXProject section */

/* Begin PBXResourcesBuildPhase section */
		202D03DC23C94332002CCE1D /* Resources */ = {
			isa = PBXResourcesBuildPhase;
			buildActionMask = 2147483647;
			files = (
				202D03EE23C94334002CCE1D /* LaunchScreen.storyboard in Resources */,
				202D03EB23C94334002CCE1D /* Assets.xcassets in Resources */,
				202D03E923C94332002CCE1D /* Main.storyboard in Resources */,
			);
			runOnlyForDeploymentPostprocessing = 0;
		};
/* End PBXResourcesBuildPhase section */

/* Begin PBXShellScriptBuildPhase section */
		CD0A6B9DA786B75D2F955464 /* [CP] Embed Pods Frameworks */ = {
			isa = PBXShellScriptBuildPhase;
			buildActionMask = 2147483647;
			files = (
			);
			inputFileListPaths = (
				"${PODS_ROOT}/Target Support Files/Pods-Test/Pods-Test-frameworks-${CONFIGURATION}-input-files.xcfilelist",
			);
			name = "[CP] Embed Pods Frameworks";
			outputFileListPaths = (
				"${PODS_ROOT}/Target Support Files/Pods-Test/Pods-Test-frameworks-${CONFIGURATION}-output-files.xcfilelist",
			);
			runOnlyForDeploymentPostprocessing = 0;
			shellPath = /bin/sh;
			shellScript = "\"${PODS_ROOT}/Target Support Files/Pods-Test/Pods-Test-frameworks.sh\"\n";
			showEnvVarsInLog = 0;
		};
		EA02B81A75B44D29F8E7A803 /* [CP] Check Pods Manifest.lock */ = {
			isa = PBXShellScriptBuildPhase;
			buildActionMask = 2147483647;
			files = (
			);
			inputFileListPaths = (
			);
			inputPaths = (
				"${PODS_PODFILE_DIR_PATH}/Podfile.lock",
				"${PODS_ROOT}/Manifest.lock",
			);
			name = "[CP] Check Pods Manifest.lock";
			outputFileListPaths = (
			);
			outputPaths = (
				"$(DERIVED_FILE_DIR)/Pods-Test-checkManifestLockResult.txt",
			);
			runOnlyForDeploymentPostprocessing = 0;
			shellPath = /bin/sh;
			shellScript = "diff \"${PODS_PODFILE_DIR_PATH}/Podfile.lock\" \"${PODS_ROOT}/Manifest.lock\" > /dev/null\nif [ $? != 0 ] ; then\n    # print error to STDERR\n    echo \"error: The sandbox is not in sync with the Podfile.lock. Run 'pod install' or update your CocoaPods installation.\" >&2\n    exit 1\nfi\n# This output is used by Xcode 'outputs' to avoid re-running this script phase.\necho \"SUCCESS\" > \"${SCRIPT_OUTPUT_FILE_0}\"\n";
			showEnvVarsInLog = 0;
		};
/* End PBXShellScriptBuildPhase section */

/* Begin PBXSourcesBuildPhase section */
		202D03DA23C94332002CCE1D /* Sources */ = {
			isa = PBXSourcesBuildPhase;
			buildActionMask = 2147483647;
			files = (
				202D03E223C94332002CCE1D /* AppDelegate.swift in Sources */,
				202D03E423C94332002CCE1D /* SceneDelegate.swift in Sources */,
				202D03E623C94332002CCE1D /* ViewController.swift in Sources */,
				202D03F923C94345002CCE1D /* Foo.swift in Sources */,
				202D03FA23C94345002CCE1D /* AnyDiffable.swift in Sources */,
				202D03FB23C94345002CCE1D /* AnyDiffableSection.swift in Sources */,
			);
			runOnlyForDeploymentPostprocessing = 0;
		};
/* End PBXSourcesBuildPhase section */

/* Begin PBXVariantGroup section */
		202D03E723C94332002CCE1D /* Main.storyboard */ = {
			isa = PBXVariantGroup;
			children = (
				202D03E823C94332002CCE1D /* Base */,
			);
			name = Main.storyboard;
			sourceTree = "<group>";
		};
		202D03EC23C94334002CCE1D /* LaunchScreen.storyboard */ = {
			isa = PBXVariantGroup;
			children = (
				202D03ED23C94334002CCE1D /* Base */,
			);
			name = LaunchScreen.storyboard;
			sourceTree = "<group>";
		};
/* End PBXVariantGroup section */

/* Begin XCBuildConfiguration section */
		202D03F023C94334002CCE1D /* Debug */ = {
			isa = XCBuildConfiguration;
			buildSettings = {
				ALWAYS_SEARCH_USER_PATHS = NO;
				CLANG_ANALYZER_NONNULL = YES;
				CLANG_ANALYZER_NUMBER_OBJECT_CONVERSION = YES_AGGRESSIVE;
				CLANG_CXX_LANGUAGE_STANDARD = "gnu++14";
				CLANG_CXX_LIBRARY = "libc++";
				CLANG_ENABLE_MODULES = YES;
				CLANG_ENABLE_OBJC_ARC = YES;
				CLANG_ENABLE_OBJC_WEAK = YES;
				CLANG_WARN_BLOCK_CAPTURE_AUTORELEASING = YES;
				CLANG_WARN_BOOL_CONVERSION = YES;
				CLANG_WARN_COMMA = YES;
				CLANG_WARN_CONSTANT_CONVERSION = YES;
				CLANG_WARN_DEPRECATED_OBJC_IMPLEMENTATIONS = YES;
				CLANG_WARN_DIRECT_OBJC_ISA_USAGE = YES_ERROR;
				CLANG_WARN_DOCUMENTATION_COMMENTS = YES;
				CLANG_WARN_EMPTY_BODY = YES;
				CLANG_WARN_ENUM_CONVERSION = YES;
				CLANG_WARN_INFINITE_RECURSION = YES;
				CLANG_WARN_INT_CONVERSION = YES;
				CLANG_WARN_NON_LITERAL_NULL_CONVERSION = YES;
				CLANG_WARN_OBJC_IMPLICIT_RETAIN_SELF = YES;
				CLANG_WARN_OBJC_LITERAL_CONVERSION = YES;
				CLANG_WARN_OBJC_ROOT_CLASS = YES_ERROR;
				CLANG_WARN_RANGE_LOOP_ANALYSIS = YES;
				CLANG_WARN_STRICT_PROTOTYPES = YES;
				CLANG_WARN_SUSPICIOUS_MOVE = YES;
				CLANG_WARN_UNGUARDED_AVAILABILITY = YES_AGGRESSIVE;
				CLANG_WARN_UNREACHABLE_CODE = YES;
				CLANG_WARN__DUPLICATE_METHOD_MATCH = YES;
				COPY_PHASE_STRIP = NO;
				DEBUG_INFORMATION_FORMAT = dwarf;
				ENABLE_STRICT_OBJC_MSGSEND = YES;
				ENABLE_TESTABILITY = YES;
				GCC_C_LANGUAGE_STANDARD = gnu11;
				GCC_DYNAMIC_NO_PIC = NO;
				GCC_NO_COMMON_BLOCKS = YES;
				GCC_OPTIMIZATION_LEVEL = 0;
				GCC_PREPROCESSOR_DEFINITIONS = (
					"DEBUG=1",
					"$(inherited)",
				);
				GCC_WARN_64_TO_32_BIT_CONVERSION = YES;
				GCC_WARN_ABOUT_RETURN_TYPE = YES_ERROR;
				GCC_WARN_UNDECLARED_SELECTOR = YES;
				GCC_WARN_UNINITIALIZED_AUTOS = YES_AGGRESSIVE;
				GCC_WARN_UNUSED_FUNCTION = YES;
				GCC_WARN_UNUSED_VARIABLE = YES;
				IPHONEOS_DEPLOYMENT_TARGET = 13.2;
				MTL_ENABLE_DEBUG_INFO = INCLUDE_SOURCE;
				MTL_FAST_MATH = YES;
				ONLY_ACTIVE_ARCH = YES;
				SDKROOT = iphoneos;
				SWIFT_ACTIVE_COMPILATION_CONDITIONS = DEBUG;
				SWIFT_OPTIMIZATION_LEVEL = "-Onone";
			};
			name = Debug;
		};
		202D03F123C94334002CCE1D /* Release */ = {
			isa = XCBuildConfiguration;
			buildSettings = {
				ALWAYS_SEARCH_USER_PATHS = NO;
				CLANG_ANALYZER_NONNULL = YES;
				CLANG_ANALYZER_NUMBER_OBJECT_CONVERSION = YES_AGGRESSIVE;
				CLANG_CXX_LANGUAGE_STANDARD = "gnu++14";
				CLANG_CXX_LIBRARY = "libc++";
				CLANG_ENABLE_MODULES = YES;
				CLANG_ENABLE_OBJC_ARC = YES;
				CLANG_ENABLE_OBJC_WEAK = YES;
				CLANG_WARN_BLOCK_CAPTURE_AUTORELEASING = YES;
				CLANG_WARN_BOOL_CONVERSION = YES;
				CLANG_WARN_COMMA = YES;
				CLANG_WARN_CONSTANT_CONVERSION = YES;
				CLANG_WARN_DEPRECATED_OBJC_IMPLEMENTATIONS = YES;
				CLANG_WARN_DIRECT_OBJC_ISA_USAGE = YES_ERROR;
				CLANG_WARN_DOCUMENTATION_COMMENTS = YES;
				CLANG_WARN_EMPTY_BODY = YES;
				CLANG_WARN_ENUM_CONVERSION = YES;
				CLANG_WARN_INFINITE_RECURSION = YES;
				CLANG_WARN_INT_CONVERSION = YES;
				CLANG_WARN_NON_LITERAL_NULL_CONVERSION = YES;
				CLANG_WARN_OBJC_IMPLICIT_RETAIN_SELF = YES;
				CLANG_WARN_OBJC_LITERAL_CONVERSION = YES;
				CLANG_WARN_OBJC_ROOT_CLASS = YES_ERROR;
				CLANG_WARN_RANGE_LOOP_ANALYSIS = YES;
				CLANG_WARN_STRICT_PROTOTYPES = YES;
				CLANG_WARN_SUSPICIOUS_MOVE = YES;
				CLANG_WARN_UNGUARDED_AVAILABILITY = YES_AGGRESSIVE;
				CLANG_WARN_UNREACHABLE_CODE = YES;
				CLANG_WARN__DUPLICATE_METHOD_MATCH = YES;
				COPY_PHASE_STRIP = NO;
				DEBUG_INFORMATION_FORMAT = "dwarf-with-dsym";
				ENABLE_NS_ASSERTIONS = NO;
				ENABLE_STRICT_OBJC_MSGSEND = YES;
				GCC_C_LANGUAGE_STANDARD = gnu11;
				GCC_NO_COMMON_BLOCKS = YES;
				GCC_WARN_64_TO_32_BIT_CONVERSION = YES;
				GCC_WARN_ABOUT_RETURN_TYPE = YES_ERROR;
				GCC_WARN_UNDECLARED_SELECTOR = YES;
				GCC_WARN_UNINITIALIZED_AUTOS = YES_AGGRESSIVE;
				GCC_WARN_UNUSED_FUNCTION = YES;
				GCC_WARN_UNUSED_VARIABLE = YES;
				IPHONEOS_DEPLOYMENT_TARGET = 13.2;
				MTL_ENABLE_DEBUG_INFO = NO;
				MTL_FAST_MATH = YES;
				SDKROOT = iphoneos;
				SWIFT_COMPILATION_MODE = wholemodule;
				SWIFT_OPTIMIZATION_LEVEL = "-O";
				VALIDATE_PRODUCT = YES;
			};
			name = Release;
		};
		202D03F323C94334002CCE1D /* Debug */ = {
			isa = XCBuildConfiguration;
			baseConfigurationReference = 3EE58619CCB7DC27DE8574B6 /* Pods-Test.debug.xcconfig */;
			buildSettings = {
				ASSETCATALOG_COMPILER_APPICON_NAME = AppIcon;
				CODE_SIGN_STYLE = Automatic;
				DEVELOPMENT_TEAM = P6XF63S7F8;
				INFOPLIST_FILE = Test/Info.plist;
				LD_RUNPATH_SEARCH_PATHS = (
					"$(inherited)",
					"@executable_path/Frameworks",
				);
				PRODUCT_BUNDLE_IDENTIFIER = com.agarunov.test.Test;
				PRODUCT_NAME = "$(TARGET_NAME)";
				SWIFT_COMPILATION_MODE = wholemodule;
				SWIFT_VERSION = 5.0;
				TARGETED_DEVICE_FAMILY = "1,2";
			};
			name = Debug;
		};
		202D03F423C94334002CCE1D /* Release */ = {
			isa = XCBuildConfiguration;
			baseConfigurationReference = 234C9C0FF5E038F2AD879F8E /* Pods-Test.release.xcconfig */;
			buildSettings = {
				ASSETCATALOG_COMPILER_APPICON_NAME = AppIcon;
				CODE_SIGN_STYLE = Automatic;
				DEVELOPMENT_TEAM = P6XF63S7F8;
				INFOPLIST_FILE = Test/Info.plist;
				LD_RUNPATH_SEARCH_PATHS = (
					"$(inherited)",
					"@executable_path/Frameworks",
				);
				PRODUCT_BUNDLE_IDENTIFIER = com.agarunov.test.Test;
				PRODUCT_NAME = "$(TARGET_NAME)";
				SWIFT_COMPILATION_MODE = wholemodule;
				SWIFT_VERSION = 5.0;
				TARGETED_DEVICE_FAMILY = "1,2";
			};
			name = Release;
		};
/* End XCBuildConfiguration section */

/* Begin XCConfigurationList section */
		202D03D923C94332002CCE1D /* Build configuration list for PBXProject "Test" */ = {
			isa = XCConfigurationList;
			buildConfigurations = (
				202D03F023C94334002CCE1D /* Debug */,
				202D03F123C94334002CCE1D /* Release */,
			);
			defaultConfigurationIsVisible = 0;
			defaultConfigurationName = Release;
		};
		202D03F223C94334002CCE1D /* Build configuration list for PBXNativeTarget "Test" */ = {
			isa = XCConfigurationList;
			buildConfigurations = (
				202D03F323C94334002CCE1D /* Debug */,
				202D03F423C94334002CCE1D /* Release */,
			);
			defaultConfigurationIsVisible = 0;
			defaultConfigurationName = Release;
		};
/* End XCConfigurationList section */
	};
	rootObject = 202D03D623C94332002CCE1D /* Project object */;
}
